{
  "version": 4,
  "terraform_version": "1.14.6",
  "serial": 5,
  "lineage": "eca8a4ff-294d-64b8-d821-e3918df21dd5",
  "outputs": {
    "image_repo": {
      "value": "us-central1-docker.pkg.dev/website-489802/dc-deck-builder/dc-deck-builder",
      "type": "string"
    }
  },
  "resources": [
    {
      "mode": "managed",
      "type": "google_artifact_registry_repository",
      "name": "repo",
      "provider": "provider[\"registry.terraform.io/hashicorp/google\"]",
      "instances": [
        {
          "schema_version": 0,
          "attributes": {
            "cleanup_policies": [],
            "cleanup_policy_dry_run": false,
            "create_time": "2026-03-11T04:41:09.350964Z",
            "description": "DC Deck Builder container images",
            "docker_config": [],
            "effective_labels": {},
            "format": "DOCKER",
            "id": "projects/website-489802/locations/us-central1/repositories/dc-deck-builder",
            "kms_key_name": "",
            "labels": {},
            "location": "us-central1",
            "maven_config": [],
            "mode": "STANDARD_REPOSITORY",
            "name": "dc-deck-builder",
            "project": "website-489802",
            "remote_repository_config": [],
            "repository_id": "dc-deck-builder",
            "terraform_labels": {},
            "timeouts": null,
            "update_time": "2026-03-11T04:41:09.350964Z",
            "virtual_repository_config": []
          },
          "sensitive_attributes": [],
          "identity_schema_version": 0,
          "private": "eyJlMmJmYjczMC1lY2FhLTExZTYtOGY4OC0zNDM2M2JjN2M0YzAiOnsiY3JlYXRlIjoxMjAwMDAwMDAwMDAwLCJkZWxldGUiOjEyMDAwMDAwMDAwMDAsInVwZGF0ZSI6MTIwMDAwMDAwMDAwMH19"
        }
      ]
    },
    {
      "mode": "managed",
      "type": "google_cloud_run_v2_service",
      "name": "game",
      "provider": "provider[\"registry.terraform.io/hashicorp/google\"]",
      "instances": [
        {
          "status": "tainted",
          "schema_version": 0,
          "attributes": {
            "annotations": null,
            "binary_authorization": [],
            "client": "terraform",
            "client_version": null,
            "conditions": null,
            "create_time": null,
            "creator": null,
            "custom_audiences": null,
            "delete_time": null,
            "description": null,
            "effective_annotations": null,
            "effective_labels": null,
            "etag": null,
            "expire_time": null,
            "generation": null,
            "id": "projects/website-489802/locations/us-central1/services/dc-deck-builder",
            "ingress": null,
            "labels": null,
            "last_modifier": null,
            "latest_created_revision": null,
            "latest_ready_revision": null,
            "launch_stage": null,
            "location": "us-central1",
            "name": "dc-deck-builder",
            "observed_generation": null,
            "project": "website-489802",
            "reconciling": null,
            "template": [
              {
                "annotations": null,
                "containers": [
                  {
                    "args": null,
                    "command": null,
                    "depends_on": null,
                    "env": [
                      {
                        "name": "USE_GEVENT",
                        "value": "1",
                        "value_source": []
                      }
                    ],
                    "image": "us-central1-docker.pkg.dev/website-489802/dc-deck-builder/dc-deck-builder:latest",
                    "liveness_probe": [],
                    "name": "",
                    "ports": [
                      {
                        "container_port": 8080,
                        "name": ""
                      }
                    ],
                    "resources": [
                      {
                        "cpu_idle": false,
                        "limits": {
                          "cpu": "1",
                          "memory": "512Mi"
                        },
                        "startup_cpu_boost": false
                      }
                    ],
                    "startup_probe": [],
                    "volume_mounts": [],
                    "working_dir": ""
                  }
                ],
                "encryption_key": "",
                "execution_environment": "",
                "labels": null,
                "max_instance_request_concurrency": 0,
                "revision": "",
                "scaling": [
                  {
                    "max_instance_count": 1,
                    "min_instance_count": 0
                  }
                ],
                "service_account": "",
                "session_affinity": false,
                "timeout": "1800s",
                "volumes": [],
                "vpc_access": []
              }
            ],
            "terminal_condition": null,
            "terraform_labels": null,
            "timeouts": null,
            "traffic": null,
            "traffic_statuses": null,
            "uid": null,
            "update_time": null,
            "uri": null
          },
          "sensitive_attributes": [],
          "identity_schema_version": 0,
          "private": "eyJlMmJmYjczMC1lY2FhLTExZTYtOGY4OC0zNDM2M2JjN2M0YzAiOnsiY3JlYXRlIjoxMjAwMDAwMDAwMDAwLCJkZWxldGUiOjEyMDAwMDAwMDAwMDAsInVwZGF0ZSI6MTIwMDAwMDAwMDAwMH19"
        }
      ]
    }
  ],
  "check_results": null
}
